
Microsoft Visual Studio Solution File, Format Version 12.00
# Visual Studio Version 17
VisualStudioVersion = 17.11.35327.3
MinimumVisualStudioVersion = 10.0.40219.1
Project("{9A19103F-16F7-4668-BE54-9A1E7A4F7556}") = "InternsManagement.Domain", "InternsManagement.Domain\InternsManagement.Domain.csproj", "{8973B59D-04FF-4E1D-811B-933C9006307C}"
EndProject
Project("{9A19103F-16F7-4668-BE54-9A1E7A4F7556}") = "InternsManagement.Application", "..\InternsManagement.Application\InternsManagement.Application.csproj", "{837B092D-7C3C-4C13-8E73-3C00F4122A90}"
EndProject
Project("{9A19103F-16F7-4668-BE54-9A1E7A4F7556}") = "InternsManagement.Infrastucture", "..\InternsManagement.Infrastucture\InternsManagement.Infrastucture.csproj", "{6B95812D-2F0A-4F53-997F-C53A4AEBDD81}"
EndProject
Project("{9A19103F-16F7-4668-BE54-9A1E7A4F7556}") = "InternsManagement.WebApi", "..\InternsManagement.WebApi\InternsManagement.WebApi.csproj", "{8B9ADC9B-3A7E-441D-8AD1-CEF1DCC9D899}"
EndProject
Global
	GlobalSection(SolutionConfigurationPlatforms) = preSolution
		Debug|Any CPU = Debug|Any CPU
		Release|Any CPU = Release|Any CPU
	EndGlobalSection
	GlobalSection(ProjectConfigurationPlatforms) = postSolution
		{8973B59D-04FF-4E1D-811B-933C9006307C}.Debug|Any CPU.ActiveCfg = Debug|Any CPU
		{8973B59D-04FF-4E1D-811B-933C9006307C}.Debug|Any CPU.Build.0 = Debug|Any CPU
		{8973B59D-04FF-4E1D-811B-933C9006307C}.Release|Any CPU.ActiveCfg = Release|Any CPU
		{8973B59D-04FF-4E1D-811B-933C9006307C}.Release|Any CPU.Build.0 = Release|Any CPU
		{837B092D-7C3C-4C13-8E73-3C00F4122A90}.Debug|Any CPU.ActiveCfg = Debug|Any CPU
		{837B092D-7C3C-4C13-8E73-3C00F4122A90}.Debug|Any CPU.Build.0 = Debug|Any CPU
		{837B092D-7C3C-4C13-8E73-3C00F4122A90}.Release|Any CPU.ActiveCfg = Release|Any CPU
		{837B092D-7C3C-4C13-8E73-3C00F4122A90}.Release|Any CPU.Build.0 = Release|Any CPU
		{6B95812D-2F0A-4F53-997F-C53A4AEBDD81}.Debug|Any CPU.ActiveCfg = Debug|Any CPU
		{6B95812D-2F0A-4F53-997F-C53A4AEBDD81}.Debug|Any CPU.Build.0 = Debug|Any CPU
		{6B95812D-2F0A-4F53-997F-C53A4AEBDD81}.Release|Any CPU.ActiveCfg = Release|Any CPU
		{6B95812D-2F0A-4F53-997F-C53A4AEBDD81}.Release|Any CPU.Build.0 = Release|Any CPU
		{8B9ADC9B-3A7E-441D-8AD1-CEF1DCC9D899}.Debug|Any CPU.ActiveCfg = Debug|Any CPU
		{8B9ADC9B-3A7E-441D-8AD1-CEF1DCC9D899}.Debug|Any CPU.Build.0 = Debug|Any CPU
		{8B9ADC9B-3A7E-441D-8AD1-CEF1DCC9D899}.Release|Any CPU.ActiveCfg = Release|Any CPU
		{8B9ADC9B-3A7E-441D-8AD1-CEF1DCC9D899}.Release|Any CPU.Build.0 = Release|Any CPU
	EndGlobalSection
	GlobalSection(SolutionProperties) = preSolution
		HideSolutionNode = FALSE
	EndGlobalSection
	GlobalSection(ExtensibilityGlobals) = postSolution
		SolutionGuid = {18EF74EF-B124-4AAD-9985-3384D31C8BF1}
	EndGlobalSection
EndGlobal
